<?xml version="1.0" encoding="utf-8"?>
<Project ToolsVersion="4.0" xmlns="http://schemas.microsoft.com/developer/msbuild/2003">
  <ItemGroup>
    <ClCompile Include="Actor\AUnit\AUnit.cpp" />
    <ClCompile Include="Algorithm\AStar\AStar.cpp" />
    <ClCompile Include="DragBox\DragBox.cpp" />
    <ClCompile Include="Game\Game.cpp" />
    <ClCompile Include="Level\MainLevel.cpp" />
    <ClCompile Include="Level\MainLevel.h" />
    <ClCompile Include="Main.cpp" />
    <ClCompile Include="Algorithm\QuadTree\Bounds.cpp" />
    <ClCompile Include="Algorithm\QuadTree\QNode.cpp" />
    <ClCompile Include="Algorithm\QuadTree\QuadTree.cpp" />
    <ClCompile Include="Utils\DebugManage.cpp" />
    <ClCompile Include="Level\Map\Map.cpp" />
    <ClCompile Include="Actor\AUnit\UnitFactory.cpp" />
    <ClCompile Include="Utils\Timer.cpp" />
  </ItemGroup>
  <ItemGroup>
    <ClInclude Include="Actor\QEntity\QEntity.h" />
    <ClInclude Include="Actor\AUnit\AUnit.h" />
    <ClInclude Include="Algorithm\AStar\ANode.h" />
    <ClInclude Include="Algorithm\AStar\AStar.h" />
    <ClInclude Include="DragBox\DragBox.h" />
    <ClInclude Include="Game\Game.h" />
    <ClInclude Include="Algorithm\QuadTree\Bounds.h" />
    <ClInclude Include="Algorithm\QuadTree\QNode.h" />
    <ClInclude Include="Algorithm\QuadTree\QuadTree.h" />
    <ClInclude Include="Utils\DebugManage.h" />
    <ClInclude Include="Level\Map\Map.h" />
    <ClInclude Include="Actor\AUnit\ProcessResult.h" />
    <ClInclude Include="Actor\AUnit\UnitFactory.h" />
    <ClInclude Include="Actor\AUnit\Team.h" />
    <ClInclude Include="Utils\Timer.h" />
  </ItemGroup>
</Project>